PODS:
  - xAlert (1.0.6):
    - xDefine
    - xExtension
    - xKit
  - xDefine (1.0.4)
  - xExtension (1.1.1):
    - xDefine
  - xKit (1.0.6):
    - xDefine
    - xExtension

DEPENDENCIES:
  - xAlert (from `../`)

SPEC REPOS:
  https://github.com/kaibuleite/xSpecs.git:
    - xDefine
    - xExtension
    - xKit

EXTERNAL SOURCES:
  xAlert:
    :path: "../"

SPEC CHECKSUMS:
  xAlert: 59db72f7c9bb2949bf053ca145a7eeb9eec76559
  xDefine: ca6c6eef825544db8b43409e66dbff05eca7ac58
  xExtension: 70d1f6b92b268f1e36236f8be26ed86c72628a0b
  xKit: 60f95439ecf0de4fa575b51801274be297f5bdb2

PODFILE CHECKSUM: c4a19a147fcd71e9d3feb7879768df3f8c8b57b4

COCOAPODS: 1.9.1
