PODS:
  - xAlert (1.1.4):
    - xDefine
    - xExtension
    - xKit
  - xDefine (1.0.7)
  - xExtension (1.1.8):
    - xDefine
  - xKit (1.2.10):
    - xDefine
    - xExtension

DEPENDENCIES:
  - xAlert (from `../`)

SPEC REPOS:
  https://github.com/kaibuleite/xSpecs.git:
    - xDefine
    - xExtension
    - xKit

EXTERNAL SOURCES:
  xAlert:
    :path: "../"

SPEC CHECKSUMS:
  xAlert: 3beaa9dc6683cfeb7a67ed32252918349e0cc045
  xDefine: e9216a8c29a4a5abce78630e311449182c79a7f3
  xExtension: 410b32f4a0377e4962082c7d1315b4b77454f7aa
  xKit: 8584f4ce6508e6defd0f853c73316b2ba2328e63

PODFILE CHECKSUM: 0e7437220b83a85f2b0a2799204a1fd9899e0c7c

COCOAPODS: 1.15.2
